// !$*UTF8*$!
{
	archiveVersion = 1;
	classes = {
	};
	objectVersion = 46;
	objects = {

/* Begin PBXBuildFile section */
		FC5D2B831A4BB07000DC25C4 /* Registration-Camera-ICON.png in Resources */ = {isa = PBXBuildFile; fileRef = FC5D2B821A4BB07000DC25C4 /* Registration-Camera-ICON.png */; };
		FC6A0F081A4A6BD200DCDC53 /* Change-password-Icon.png in Resources */ = {isa = PBXBuildFile; fileRef = FC6A0F071A4A6BD200DCDC53 /* Change-password-Icon.png */; };
		FC9AC89E1A49031600F22004 /* main.m in Sources */ = {isa = PBXBuildFile; fileRef = FC9AC89D1A49031600F22004 /* main.m */; };
		FC9AC8A11A49031600F22004 /* AppDelegate.m in Sources */ = {isa = PBXBuildFile; fileRef = FC9AC8A01A49031600F22004 /* AppDelegate.m */; };
		FC9AC8A41A49031600F22004 /* AutoLayOutTest.xcdatamodeld in Sources */ = {isa = PBXBuildFile; fileRef = FC9AC8A21A49031600F22004 /* AutoLayOutTest.xcdatamodeld */; };
		FC9AC8A71A49031600F22004 /* ViewController.m in Sources */ = {isa = PBXBuildFile; fileRef = FC9AC8A61A49031600F22004 /* ViewController.m */; };
		FC9AC8AA1A49031600F22004 /* Main.storyboard in Resources */ = {isa = PBXBuildFile; fileRef = FC9AC8A81A49031600F22004 /* Main.storyboard */; };
		FC9AC8AC1A49031600F22004 /* Images.xcassets in Resources */ = {isa = PBXBuildFile; fileRef = FC9AC8AB1A49031600F22004 /* Images.xcassets */; };
		FC9AC8AF1A49031600F22004 /* LaunchScreen.xib in Resources */ = {isa = PBXBuildFile; fileRef = FC9AC8AD1A49031600F22004 /* LaunchScreen.xib */; };
		FC9AC8BB1A49031600F22004 /* AutoLayOutTestTests.m in Sources */ = {isa = PBXBuildFile; fileRef = FC9AC8BA1A49031600F22004 /* AutoLayOutTestTests.m */; };
/* End PBXBuildFile section */

/* Begin PBXContainerItemProxy section */
		FC9AC8B51A49031600F22004 /* PBXContainerItemProxy */ = {
			isa = PBXContainerItemProxy;
			containerPortal = FC9AC8901A49031600F22004 /* Project object */;
			proxyType = 1;
			remoteGlobalIDString = FC9AC8971A49031600F22004;
			remoteInfo = AutoLayOutTest;
		};
/* End PBXContainerItemProxy section */

/* Begin PBXFileReference section */
		FC5D2B821A4BB07000DC25C4 /* Registration-Camera-ICON.png */ = {isa = PBXFileReference; lastKnownFileType = image.png; path = "Registration-Camera-ICON.png"; sourceTree = "<group>"; };
		FC6A0F071A4A6BD200DCDC53 /* Change-password-Icon.png */ = {isa = PBXFileReference; lastKnownFileType = image.png; path = "Change-password-Icon.png"; sourceTree = "<group>"; };
		FC9AC8981A49031600F22004 /* AutoLayOutTest.app */ = {isa = PBXFileReference; explicitFileType = wrapper.application; includeInIndex = 0; path = AutoLayOutTest.app; sourceTree = BUILT_PRODUCTS_DIR; };
		FC9AC89C1A49031600F22004 /* Info.plist */ = {isa = PBXFileReference; lastKnownFileType = text.plist.xml; path = Info.plist; sourceTree = "<group>"; };
		FC9AC89D1A49031600F22004 /* main.m */ = {isa = PBXFileReference; lastKnownFileType = sourcecode.c.objc; path = main.m; sourceTree = "<group>"; };
		FC9AC89F1A49031600F22004 /* AppDelegate.h */ = {isa = PBXFileReference; lastKnownFileType = sourcecode.c.h; path = AppDelegate.h; sourceTree = "<group>"; };
		FC9AC8A01A49031600F22004 /* AppDelegate.m */ = {isa = PBXFileReference; lastKnownFileType = sourcecode.c.objc; path = AppDelegate.m; sourceTree = "<group>"; };
		FC9AC8A31A49031600F22004 /* AutoLayOutTest.xcdatamodel */ = {isa = PBXFileReference; lastKnownFileType = wrapper.xcdatamodel; path = AutoLayOutTest.xcdatamodel; sourceTree = "<group>"; };
		FC9AC8A51A49031600F22004 /* ViewController.h */ = {isa = PBXFileReference; lastKnownFileType = sourcecode.c.h; path = ViewController.h; sourceTree = "<group>"; };
		FC9AC8A61A49031600F22004 /* ViewController.m */ = {isa = PBXFileReference; lastKnownFileType = sourcecode.c.objc; path = ViewController.m; sourceTree = "<group>"; };
		FC9AC8A91A49031600F22004 /* Base */ = {isa = PBXFileReference; lastKnownFileType = file.storyboard; name = Base; path = Base.lproj/Main.storyboard; sourceTree = "<group>"; };
		FC9AC8AB1A49031600F22004 /* Images.xcassets */ = {isa = PBXFileReference; lastKnownFileType = folder.assetcatalog; path = Images.xcassets; sourceTree = "<group>"; };
		FC9AC8AE1A49031600F22004 /* Base */ = {isa = PBXFileReference; lastKnownFileType = file.xib; name = Base; path = Base.lproj/LaunchScreen.xib; sourceTree = "<group>"; };
		FC9AC8B41A49031600F22004 /* AutoLayOutTestTests.xctest */ = {isa = PBXFileReference; explicitFileType = wrapper.cfbundle; includeInIndex = 0; path = AutoLayOutTestTests.xctest; sourceTree = BUILT_PRODUCTS_DIR; };
		FC9AC8B91A49031600F22004 /* Info.plist */ = {isa = PBXFileReference; lastKnownFileType = text.plist.xml; path = Info.plist; sourceTree = "<group>"; };
		FC9AC8BA1A49031600F22004 /* AutoLayOutTestTests.m */ = {isa = PBXFileReference; lastKnownFileType = sourcecode.c.objc; path = AutoLayOutTestTests.m; sourceTree = "<group>"; };
/* End PBXFileReference section */

/* Begin PBXFrameworksBuildPhase section */
		FC9AC8951A49031600F22004 /* Frameworks */ = {
			isa = PBXFrameworksBuildPhase;
			buildActionMask = 2147483647;
			files = (
			);
			runOnlyForDeploymentPostprocessing = 0;
		};
		FC9AC8B11A49031600F22004 /* Frameworks */ = {
			isa = PBXFrameworksBuildPhase;
			buildActionMask = 2147483647;
			files = (
			);
			runOnlyForDeploymentPostprocessing = 0;
		};
/* End PBXFrameworksBuildPhase section */

/* Begin PBXGroup section */
		FC9AC88F1A49031600F22004 = {
			isa = PBXGroup;
			children = (
				FC9AC89A1A49031600F22004 /* AutoLayOutTest */,
				FC9AC8B71A49031600F22004 /* AutoLayOutTestTests */,
				FC9AC8991A49031600F22004 /* Products */,
			);
			sourceTree = "<group>";
		};
		FC9AC8991A49031600F22004 /* Products */ = {
			isa = PBXGroup;
			children = (
				FC9AC8981A49031600F22004 /* AutoLayOutTest.app */,
				FC9AC8B41A49031600F22004 /* AutoLayOutTestTests.xctest */,
			);
			name = Products;
			sourceTree = "<group>";
		};
		FC9AC89A1A49031600F22004 /* AutoLayOutTest */ = {
			isa = PBXGroup;
			children = (
				FC9AC89F1A49031600F22004 /* AppDelegate.h */,
				FC9AC8A01A49031600F22004 /* AppDelegate.m */,
				FC9AC8A51A49031600F22004 /* ViewController.h */,
				FC9AC8A61A49031600F22004 /* ViewController.m */,
				FC9AC8A81A49031600F22004 /* Main.storyboard */,
				FC9AC8AB1A49031600F22004 /* Images.xcassets */,
				FC9AC8AD1A49031600F22004 /* LaunchScreen.xib */,
				FC9AC8A21A49031600F22004 /* AutoLayOutTest.xcdatamodeld */,
				FC9AC89B1A49031600F22004 /* Supporting Files */,
			);
			path = AutoLayOutTest;
			sourceTree = "<group>";
		};
		FC9AC89B1A49031600F22004 /* Supporting Files */ = {
			isa = PBXGroup;
			children = (
				FC5D2B821A4BB07000DC25C4 /* Registration-Camera-ICON.png */,
				FC6A0F071A4A6BD200DCDC53 /* Change-password-Icon.png */,
				FC9AC89C1A49031600F22004 /* Info.plist */,
				FC9AC89D1A49031600F22004 /* main.m */,
			);
			name = "Supporting Files";
			sourceTree = "<group>";
		};
		FC9AC8B71A49031600F22004 /* AutoLayOutTestTests */ = {
			isa = PBXGroup;
			children = (
				FC9AC8BA1A49031600F22004 /* AutoLayOutTestTests.m */,
				FC9AC8B81A49031600F22004 /* Supporting Files */,
			);
			path = AutoLayOutTestTests;
			sourceTree = "<group>";
		};
		FC9AC8B81A49031600F22004 /* Supporting Files */ = {
			isa = PBXGroup;
			children = (
				FC9AC8B91A49031600F22004 /* Info.plist */,
			);
			name = "Supporting Files";
			sourceTree = "<group>";
		};
/* End PBXGroup section */

/* Begin PBXNativeTarget section */
		FC9AC8971A49031600F22004 /* AutoLayOutTest */ = {
			isa = PBXNativeTarget;
			buildConfigurationList = FC9AC8BE1A49031600F22004 /* Build configuration list for PBXNativeTarget "AutoLayOutTest" */;
			buildPhases = (
				FC9AC8941A49031600F22004 /* Sources */,
				FC9AC8951A49031600F22004 /* Frameworks */,
				FC9AC8961A49031600F22004 /* Resources */,
			);
			buildRules = (
			);
			dependencies = (
			);
			name = AutoLayOutTest;
			productName = AutoLayOutTest;
			productReference = FC9AC8981A49031600F22004 /* AutoLayOutTest.app */;
			productType = "com.apple.product-type.application";
		};
		FC9AC8B31A49031600F22004 /* AutoLayOutTestTests */ = {
			isa = PBXNativeTarget;
			buildConfigurationList = FC9AC8C11A49031600F22004 /* Build configuration list for PBXNativeTarget "AutoLayOutTestTests" */;
			buildPhases = (
				FC9AC8B01A49031600F22004 /* Sources */,
				FC9AC8B11A49031600F22004 /* Frameworks */,
				FC9AC8B21A49031600F22004 /* Resources */,
			);
			buildRules = (
			);
			dependencies = (
				FC9AC8B61A49031600F22004 /* PBXTargetDependency */,
			);
			name = AutoLayOutTestTests;
			productName = AutoLayOutTestTests;
			productReference = FC9AC8B41A49031600F22004 /* AutoLayOutTestTests.xctest */;
			productType = "com.apple.product-type.bundle.unit-test";
		};
/* End PBXNativeTarget section */

/* Begin PBXProject section */
		FC9AC8901A49031600F22004 /* Project object */ = {
			isa = PBXProject;
			attributes = {
				LastUpgradeCheck = 0610;
				ORGANIZATIONNAME = "chengtz-iMac";
				TargetAttributes = {
					FC9AC8971A49031600F22004 = {
						CreatedOnToolsVersion = 6.1;
					};
					FC9AC8B31A49031600F22004 = {
						CreatedOnToolsVersion = 6.1;
						TestTargetID = FC9AC8971A49031600F22004;
					};
				};
			};
			buildConfigurationList = FC9AC8931A49031600F22004 /* Build configuration list for PBXProject "AutoLayOutTest" */;
			compatibilityVersion = "Xcode 3.2";
			developmentRegion = English;
			hasScannedForEncodings = 0;
			knownRegions = (
				en,
				Base,
			);
			mainGroup = FC9AC88F1A49031600F22004;
			productRefGroup = FC9AC8991A49031600F22004 /* Products */;
			projectDirPath = "";
			projectRoot = "";
			targets = (
				FC9AC8971A49031600F22004 /* AutoLayOutTest */,
				FC9AC8B31A49031600F22004 /* AutoLayOutTestTests */,
			);
		};
/* End PBXProject section */

/* Begin PBXResourcesBuildPhase section */
		FC9AC8961A49031600F22004 /* Resources */ = {
			isa = PBXResourcesBuildPhase;
			buildActionMask = 2147483647;
			files = (
				FC9AC8AA1A49031600F22004 /* Main.storyboard in Resources */,
				FC9AC8AF1A49031600F22004 /* LaunchScreen.xib in Resources */,
				FC5D2B831A4BB07000DC25C4 /* Registration-Camera-ICON.png in Resources */,
				FC9AC8AC1A49031600F22004 /* Images.xcassets in Resources */,
				FC6A0F081A4A6BD200DCDC53 /* Change-password-Icon.png in Resources */,
			);
			runOnlyForDeploymentPostprocessing = 0;
		};
		FC9AC8B21A49031600F22004 /* Resources */ = {
			isa = PBXResourcesBuildPhase;
			buildActionMask = 2147483647;
			files = (
			);
			runOnlyForDeploymentPostprocessing = 0;
		};
/* End PBXResourcesBuildPhase section */

/* Begin PBXSourcesBuildPhase section */
		FC9AC8941A49031600F22004 /* Sources */ = {
			isa = PBXSourcesBuildPhase;
			buildActionMask = 2147483647;
			files = (
				FC9AC8A11A49031600F22004 /* AppDelegate.m in Sources */,
				FC9AC8A41A49031600F22004 /* AutoLayOutTest.xcdatamodeld in Sources */,
				FC9AC8A71A49031600F22004 /* ViewController.m in Sources */,
				FC9AC89E1A49031600F22004 /* main.m in Sources */,
			);
			runOnlyForDeploymentPostprocessing = 0;
		};
		FC9AC8B01A49031600F22004 /* Sources */ = {
			isa = PBXSourcesBuildPhase;
			buildActionMask = 2147483647;
			files = (
				FC9AC8BB1A49031600F22004 /* AutoLayOutTestTests.m in Sources */,
			);
			runOnlyForDeploymentPostprocessing = 0;
		};
/* End PBXSourcesBuildPhase section */

/* Begin PBXTargetDependency section */
		FC9AC8B61A49031600F22004 /* PBXTargetDependency */ = {
			isa = PBXTargetDependency;
			target = FC9AC8971A49031600F22004 /* AutoLayOutTest */;
			targetProxy = FC9AC8B51A49031600F22004 /* PBXContainerItemProxy */;
		};
/* End PBXTargetDependency section */

/* Begin PBXVariantGroup section */
		FC9AC8A81A49031600F22004 /* Main.storyboard */ = {
			isa = PBXVariantGroup;
			children = (
				FC9AC8A91A49031600F22004 /* Base */,
			);
			name = Main.storyboard;
			sourceTree = "<group>";
		};
		FC9AC8AD1A49031600F22004 /* LaunchScreen.xib */ = {
			isa = PBXVariantGroup;
			children = (
				FC9AC8AE1A49031600F22004 /* Base */,
			);
			name = LaunchScreen.xib;
			sourceTree = "<group>";
		};
/* End PBXVariantGroup section */

/* Begin XCBuildConfiguration section */
		FC9AC8BC1A49031600F22004 /* Debug */ = {
			isa = XCBuildConfiguration;
			buildSettings = {
				ALWAYS_SEARCH_USER_PATHS = NO;
				CLANG_CXX_LANGUAGE_STANDARD = "gnu++0x";
				CLANG_CXX_LIBRARY = "libc++";
				CLANG_ENABLE_MODULES = YES;
				CLANG_ENABLE_OBJC_ARC = YES;
				CLANG_WARN_BOOL_CONVERSION = YES;
				CLANG_WARN_CONSTANT_CONVERSION = YES;
				CLANG_WARN_DIRECT_OBJC_ISA_USAGE = YES_ERROR;
				CLANG_WARN_EMPTY_BODY = YES;
				CLANG_WARN_ENUM_CONVERSION = YES;
				CLANG_WARN_INT_CONVERSION = YES;
				CLANG_WARN_OBJC_ROOT_CLASS = YES_ERROR;
				CLANG_WARN_UNREACHABLE_CODE = YES;
				CLANG_WARN__DUPLICATE_METHOD_MATCH = YES;
				"CODE_SIGN_IDENTITY[sdk=iphoneos*]" = "iPhone Developer";
				COPY_PHASE_STRIP = NO;
				ENABLE_STRICT_OBJC_MSGSEND = YES;
				GCC_C_LANGUAGE_STANDARD = gnu99;
				GCC_DYNAMIC_NO_PIC = NO;
				GCC_OPTIMIZATION_LEVEL = 0;
				GCC_PREPROCESSOR_DEFINITIONS = (
					"DEBUG=1",
					"$(inherited)",
				);
				GCC_SYMBOLS_PRIVATE_EXTERN = NO;
				GCC_WARN_64_TO_32_BIT_CONVERSION = YES;
				GCC_WARN_ABOUT_RETURN_TYPE = YES_ERROR;
				GCC_WARN_UNDECLARED_SELECTOR = YES;
				GCC_WARN_UNINITIALIZED_AUTOS = YES_AGGRESSIVE;
				GCC_WARN_UNUSED_FUNCTION = YES;
				GCC_WARN_UNUSED_VARIABLE = YES;
				IPHONEOS_DEPLOYMENT_TARGET = 8.1;
				MTL_ENABLE_DEBUG_INFO = YES;
				ONLY_ACTIVE_ARCH = YES;
				SDKROOT = iphoneos;
			};
			name = Debug;
		};
		FC9AC8BD1A49031600F22004 /* Release */ = {
			isa = XCBuildConfiguration;
			buildSettings = {
				ALWAYS_SEARCH_USER_PATHS = NO;
				CLANG_CXX_LANGUAGE_STANDARD = "gnu++0x";
				CLANG_CXX_LIBRARY = "libc++";
				CLANG_ENABLE_MODULES = YES;
				CLANG_ENABLE_OBJC_ARC = YES;
				CLANG_WARN_BOOL_CONVERSION = YES;
				CLANG_WARN_CONSTANT_CONVERSION = YES;
				CLANG_WARN_DIRECT_OBJC_ISA_USAGE = YES_ERROR;
				CLANG_WARN_EMPTY_BODY = YES;
				CLANG_WARN_ENUM_CONVERSION = YES;
				CLANG_WARN_INT_CONVERSION = YES;
				CLANG_WARN_OBJC_ROOT_CLASS = YES_ERROR;
				CLANG_WARN_UNREACHABLE_CODE = YES;
				CLANG_WARN__DUPLICATE_METHOD_MATCH = YES;
				"CODE_SIGN_IDENTITY[sdk=iphoneos*]" = "iPhone Developer";
				COPY_PHASE_STRIP = YES;
				ENABLE_NS_ASSERTIONS = NO;
				ENABLE_STRICT_OBJC_MSGSEND = YES;
				GCC_C_LANGUAGE_STANDARD = gnu99;
				GCC_WARN_64_TO_32_BIT_CONVERSION = YES;
				GCC_WARN_ABOUT_RETURN_TYPE = YES_ERROR;
				GCC_WARN_UNDECLARED_SELECTOR = YES;
				GCC_WARN_UNINITIALIZED_AUTOS = YES_AGGRESSIVE;
				GCC_WARN_UNUSED_FUNCTION = YES;
				GCC_WARN_UNUSED_VARIABLE = YES;
				IPHONEOS_DEPLOYMENT_TARGET = 8.1;
				MTL_ENABLE_DEBUG_INFO = NO;
				SDKROOT = iphoneos;
				VALIDATE_PRODUCT = YES;
			};
			name = Release;
		};
		FC9AC8BF1A49031600F22004 /* Debug */ = {
			isa = XCBuildConfiguration;
			buildSettings = {
				ASSETCATALOG_COMPILER_APPICON_NAME = AppIcon;
				INFOPLIST_FILE = AutoLayOutTest/Info.plist;
				LD_RUNPATH_SEARCH_PATHS = "$(inherited) @executable_path/Frameworks";
				PRODUCT_NAME = "$(TARGET_NAME)";
			};
			name = Debug;
		};
		FC9AC8C01A49031600F22004 /* Release */ = {
			isa = XCBuildConfiguration;
			buildSettings = {
				ASSETCATALOG_COMPILER_APPICON_NAME = AppIcon;
				INFOPLIST_FILE = AutoLayOutTest/Info.plist;
				LD_RUNPATH_SEARCH_PATHS = "$(inherited) @executable_path/Frameworks";
				PRODUCT_NAME = "$(TARGET_NAME)";
			};
			name = Release;
		};
		FC9AC8C21A49031600F22004 /* Debug */ = {
			isa = XCBuildConfiguration;
			buildSettings = {
				BUNDLE_LOADER = "$(TEST_HOST)";
				FRAMEWORK_SEARCH_PATHS = (
					"$(SDKROOT)/Developer/Library/Frameworks",
					"$(inherited)",
				);
				GCC_PREPROCESSOR_DEFINITIONS = (
					"DEBUG=1",
					"$(inherited)",
				);
				INFOPLIST_FILE = AutoLayOutTestTests/Info.plist;
				LD_RUNPATH_SEARCH_PATHS = "$(inherited) @executable_path/Frameworks @loader_path/Frameworks";
				PRODUCT_NAME = "$(TARGET_NAME)";
				TEST_HOST = "$(BUILT_PRODUCTS_DIR)/AutoLayOutTest.app/AutoLayOutTest";
			};
			name = Debug;
		};
		FC9AC8C31A49031600F22004 /* Release */ = {
			isa = XCBuildConfiguration;
			buildSettings = {
				BUNDLE_LOADER = "$(TEST_HOST)";
				FRAMEWORK_SEARCH_PATHS = (
					"$(SDKROOT)/Developer/Library/Frameworks",
					"$(inherited)",
				);
				INFOPLIST_FILE = AutoLayOutTestTests/Info.plist;
				LD_RUNPATH_SEARCH_PATHS = "$(inherited) @executable_path/Frameworks @loader_path/Frameworks";
				PRODUCT_NAME = "$(TARGET_NAME)";
				TEST_HOST = "$(BUILT_PRODUCTS_DIR)/AutoLayOutTest.app/AutoLayOutTest";
			};
			name = Release;
		};
/* End XCBuildConfiguration section */

/* Begin XCConfigurationList section */
		FC9AC8931A49031600F22004 /* Build configuration list for PBXProject "AutoLayOutTest" */ = {
			isa = XCConfigurationList;
			buildConfigurations = (
				FC9AC8BC1A49031600F22004 /* Debug */,
				FC9AC8BD1A49031600F22004 /* Release */,
			);
			defaultConfigurationIsVisible = 0;
			defaultConfigurationName = Release;
		};
		FC9AC8BE1A49031600F22004 /* Build configuration list for PBXNativeTarget "AutoLayOutTest" */ = {
			isa = XCConfigurationList;
			buildConfigurations = (
				FC9AC8BF1A49031600F22004 /* Debug */,
				FC9AC8C01A49031600F22004 /* Release */,
			);
			defaultConfigurationIsVisible = 0;
			defaultConfigurationName = Release;
		};
		FC9AC8C11A49031600F22004 /* Build configuration list for PBXNativeTarget "AutoLayOutTestTests" */ = {
			isa = XCConfigurationList;
			buildConfigurations = (
				FC9AC8C21A49031600F22004 /* Debug */,
				FC9AC8C31A49031600F22004 /* Release */,
			);
			defaultConfigurationIsVisible = 0;
			defaultConfigurationName = Release;
		};
/* End XCConfigurationList section */

/* Begin XCVersionGroup section */
		FC9AC8A21A49031600F22004 /* AutoLayOutTest.xcdatamodeld */ = {
			isa = XCVersionGroup;
			children = (
				FC9AC8A31A49031600F22004 /* AutoLayOutTest.xcdatamodel */,
			);
			currentVersion = FC9AC8A31A49031600F22004 /* AutoLayOutTest.xcdatamodel */;
			path = AutoLayOutTest.xcdatamodeld;
			sourceTree = "<group>";
			versionGroupType = wrapper.xcdatamodel;
		};
/* End XCVersionGroup section */
	};
	rootObject = FC9AC8901A49031600F22004 /* Project object */;
}
